{
  "version": "5",
  "specifiers": {
    "jsr:@std/assert@1": "1.0.19",
    "jsr:@std/internal@^1.0.12": "1.0.12",
    "npm:fast-check@4.8.0": "4.8.0",
    "npm:mppx@0.8.6": "0.8.6_viem@2.54.2__zod@4.4.3",
    "npm:stripe@22.4.0-beta.1": "22.4.0-beta.1",
    "npm:zod@4": "4.4.3"
  },
  "jsr": {
    "@std/assert@1.0.19": {
      "integrity": "eaada96ee120cb980bc47e040f82814d786fe8162ecc53c91d8df60b8755991e",
      "dependencies": [
        "jsr:@std/internal"
      ]
    },
    "@std/internal@1.0.12": {
      "integrity": "972a634fd5bc34b242024402972cd5143eac68d8dffaca5eaa4dba30ce17b027"
    }
  },
  "npm": {
    "@adraffy/ens-normalize@1.11.1": {
      "integrity": "sha512-nhCBV3quEgesuf7c7KYfperqSS14T8bYuvJ8PcLJp6znkZpFc0AuW4qBtr8eKVyPPe/8RSr7sglCWPU5eaxwKQ=="
    },
    "@cfworker/json-schema@4.1.1": {
      "integrity": "sha512-gAmrUZSGtKc3AiBL71iNWxDsyUC5uMaKKGdvzYsBoTW/xi42JQHl7eKV2OYzCUqvc+D2RCcf7EXY2iCyFIk6og=="
    },
    "@modelcontextprotocol/server@2.0.0-beta.2": {
      "integrity": "sha512-XK+sgFntT5ZzeqtTGpT9uti+Sqmq7YJZdx/N76eLJv9UA9vKvP04Qh9Hc45LCeIHGfTKRwDG6eh4C1Hs4omyIg==",
      "dependencies": [
        "zod"
      ]
    },
    "@noble/ciphers@1.3.0": {
      "integrity": "sha512-2I0gnIVPtfnMw9ee9h1dJG7tp81+8Ob3OJb3Mv37rx5L40/b0i7djjCVvGOVqc9AEIQyvyu1i6ypKdFw8R8gQw=="
    },
    "@noble/curves@1.9.1": {
      "integrity": "sha512-k11yZxZg+t+gWvBbIswW0yoJlu8cHOC7dhunwOzoWH/mXGBiYyR4YY6hAEK/3EUs4UpB8la1RfdRpeGsFHkWsA==",
      "dependencies": [
        "@noble/hashes"
      ]
    },
    "@noble/hashes@1.8.0": {
      "integrity": "sha512-jCs9ldd7NwzpgXDIf6P3+NrHh9/sD6CQdxHyjQI+h/6rDNo88ypBxxz45UDuZHz9r3tNz7N/VInSVoVdtXEI4A=="
    },
    "@scalar/openapi-types@0.8.0": {
      "integrity": "sha512-WmaxVSfvY5K/TwcG2B2TU1WOe1As1uc2s7myswtP6dBlcjU3hM08SApxv/jmyGaCE8t4gO5BBhmHY4pDUfmr2g=="
    },
    "@scure/base@1.2.6": {
      "integrity": "sha512-g/nm5FgUa//MCj1gV09zTJTaM6KBAHqLN907YVQqf7zC49+DcO4B1so4ZX07Ef10Twr6nuqYEH9GEggFXA4Fmg=="
    },
    "@scure/bip32@1.7.0": {
      "integrity": "sha512-E4FFX/N3f4B80AKWp5dP6ow+flD1LQZo/w8UnLGYZO674jS6YnYeepycOOksv+vLPSpgN35wgKgy+ybfTb2SMw==",
      "dependencies": [
        "@noble/curves",
        "@noble/hashes",
        "@scure/base"
      ]
    },
    "@scure/bip39@1.6.0": {
      "integrity": "sha512-+lF0BbLiJNwVlev4eKelw1WWLaiKXw7sSl8T6FvBlWkdX+94aGJ4o8XjUdlyhTCjd8c+B3KT3JfS8P0bLRNU6A==",
      "dependencies": [
        "@noble/hashes",
        "@scure/base"
      ]
    },
    "@stripe/stripe-js@9.8.0": {
      "integrity": "sha512-DHJpol/98VKyojNSYmpkB5vOMnlf87hPe0wPxyaYTNiTMk5QjKMXDfSZLwGctYIXAgAWDFeRABc8lFAj0BELyw=="
    },
    "@toon-format/toon@2.3.0": {
      "integrity": "sha512-/Ew9etdRQKVMnm9fDaCG0JjyAOK/O7T0M97oum1aW4W+UR8ZhVVPBanIV7oWgHBiGlnVxV9M55PWQCHofDV07w=="
    },
    "abitype@1.2.3_zod@4.4.3": {
      "integrity": "sha512-Ofer5QUnuUdTFsBRwARMoWKOH1ND5ehwYhJ3OJ/BQO+StkwQjHw0XyVh4vDttzHB7QOFhPHa/o413PJ82gU/Tg==",
      "dependencies": [
        "zod"
      ],
      "optionalPeers": [
        "zod"
      ]
    },
    "abitype@1.2.4_zod@4.4.3": {
      "integrity": "sha512-dpKH+N27vRjarMVTFFkeY445VTKftzGWpL0FiT7xmVmzQRKazZexzC5uHG0f6XKsVLAuUlndnbGau6lRejClxg==",
      "dependencies": [
        "zod"
      ],
      "optionalPeers": [
        "zod"
      ]
    },
    "eventemitter3@5.0.1": {
      "integrity": "sha512-GWkBvjiSZK87ELrYOSESUYeVIc9mvLLf/nXalMOS5dYrgZq9o5OVkbZAVM06CVxYsCwH9BDZFPlQTlPA1j4ahA=="
    },
    "eventsource-parser@3.1.0": {
      "integrity": "sha512-kJezFj9YFAMLeORyi7aCLxLbD5/qWMQnoMVlVPyHIll7lgRJCc3JVln9Vgl9nwQi0YkMnhdGTMNn7CkRRAptMg=="
    },
    "fast-check@4.8.0": {
      "integrity": "sha512-GOJ158CUMnN6cSahsv4+ExARvIDuzzinFjkp0E9WtiBa5zcVeLozVkWaE4IzFcc+Y48Wp1EDlUZsXRyAztQcSg==",
      "dependencies": [
        "pure-rand"
      ]
    },
    "incur@0.4.10": {
      "integrity": "sha512-u35+Ba0oJOPQnAYxYPo5j91P/rI9kTtpDf/iJe6kOs335iguz8mYnVguex4NP6GmIP6uc7iqUWY5cmdc/0MwTw==",
      "dependencies": [
        "@cfworker/json-schema",
        "@modelcontextprotocol/server",
        "@scalar/openapi-types",
        "@toon-format/toon",
        "tokenx",
        "yaml",
        "zod"
      ],
      "bin": true
    },
    "isows@1.0.7_ws@8.21.0": {
      "integrity": "sha512-I1fSfDCZL5P0v33sVqeTDSpcstAg/N+wF5HS033mogOVIp4B+oHC7oOCsA3axAbBSGTJ8QubbNmnIRN/h8U7hg==",
      "dependencies": [
        "ws"
      ]
    },
    "mppx@0.8.6_viem@2.54.2__zod@4.4.3": {
      "integrity": "sha512-JND+libFbDer9V9oLwqohBF5TU+QNByPf7uKF6nlVniEJzmBTLpfnENO99K7PNBUZZzEOPIVjeNC1sF9FnJjUA==",
      "dependencies": [
        "@stripe/stripe-js",
        "eventsource-parser",
        "incur",
        "ox",
        "viem",
        "zod"
      ],
      "bin": true
    },
    "ox@0.14.29_zod@4.4.3": {
      "integrity": "sha512-M5j87Ec4V99MQdRct/g09eWXW60g6zhHTUs1lr4deUtrPDnezBdCJTgKd7pxqTpSZBFveV0ALi9jMMuT1qKyNg==",
      "dependencies": [
        "@adraffy/ens-normalize",
        "@noble/ciphers",
        "@noble/curves",
        "@noble/hashes",
        "@scure/bip32",
        "@scure/bip39",
        "abitype@1.2.4_zod@4.4.3",
        "eventemitter3"
      ]
    },
    "pure-rand@8.4.0": {
      "integrity": "sha512-IoM8YF/jY0hiugFo/wOWqfmarlE6J0wc6fDK1PhftMk7MGhVZl88sZimmqBBFomLOCSmcCCpsfj7wXASCpvK9A=="
    },
    "stripe@22.4.0-beta.1": {
      "integrity": "sha512-tuV9BlNQhEpxscZpADb8VavhM5lONFk3qZ5CbbnVe5H8VISIzhUbKTGX7qeZAmWXVeoiavHizEOhWyKnyGgZ+g=="
    },
    "tokenx@1.3.0": {
      "integrity": "sha512-NLdXTEZkKiO0gZuLtMoZKjCXTREXeZZt8nnnNeyoXtNZAfG/GKGSbQtLU5STspc0rMSwcA+UJfWZkbNU01iKmQ=="
    },
    "viem@2.54.2_zod@4.4.3": {
      "integrity": "sha512-o0+5dEAUekBMTbixXy2mKbSDPnwsCJ+8+mOeMBDjkuS9iM4fcr3yKUWb2zlOy2NKInkg3anl1W11sxYspLiXig==",
      "dependencies": [
        "@noble/curves",
        "@noble/hashes",
        "@scure/bip32",
        "@scure/bip39",
        "abitype@1.2.3_zod@4.4.3",
        "isows",
        "ox",
        "ws"
      ]
    },
    "ws@8.21.0": {
      "integrity": "sha512-Vsp28b7DRcimFQvrqu2Wek3z1iYxDCWqHYB8Qsnk/S4RfaCQzPGPyBNuVjJV3cd6UiKtUtp6sNM77gWvzcCH+g=="
    },
    "yaml@2.9.0": {
      "integrity": "sha512-2AvhNX3mb8zd6Zy7INTtSpl1F15HW6Wnqj0srWlkKLcpYl/gMIMJiyuGq2KeI2YFxUPjdlB+3Lc10seMLtL4cA==",
      "bin": true
    },
    "zod@4.4.3": {
      "integrity": "sha512-ytENFjIJFl2UwYglde2jchW2Hwm4GJFLDiSXWdTrJQBIN9Fcyp7n4DhxJEiWNAJMV1/BqWfW/kkg71UDcHJyTQ=="
    }
  },
  "workspace": {
    "dependencies": [
      "npm:zod@4"
    ]
  }
}
