{
  "version": "5",
  "specifiers": {
    "jsr:@std/assert@1": "1.0.19",
    "jsr:@std/internal@^1.0.12": "1.0.14",
    "npm:fast-check@4.8.0": "4.8.0",
    "npm:mppx@0.9.3": "0.9.3_viem@2.56.8",
    "npm:stripe@22.7.0-beta.1": "22.7.0-beta.1",
    "npm:zod@4": "4.5.4"
  },
  "jsr": {
    "@std/assert@1.0.19": {
      "integrity": "eaada96ee120cb980bc47e040f82814d786fe8162ecc53c91d8df60b8755991e",
      "dependencies": [
        "jsr:@std/internal"
      ]
    },
    "@std/internal@1.0.14": {
      "integrity": "291516b3d4c35024d6ffbc0a9df5bf4c64116e05b50012cf846710152d2ffdf7"
    }
  },
  "npm": {
    "@adraffy/ens-normalize@1.11.1": {
      "integrity": "sha512-nhCBV3quEgesuf7c7KYfperqSS14T8bYuvJ8PcLJp6znkZpFc0AuW4qBtr8eKVyPPe/8RSr7sglCWPU5eaxwKQ=="
    },
    "@noble/ciphers@1.3.0": {
      "integrity": "sha512-2I0gnIVPtfnMw9ee9h1dJG7tp81+8Ob3OJb3Mv37rx5L40/b0i7djjCVvGOVqc9AEIQyvyu1i6ypKdFw8R8gQw=="
    },
    "@noble/curves@1.9.1": {
      "integrity": "sha512-k11yZxZg+t+gWvBbIswW0yoJlu8cHOC7dhunwOzoWH/mXGBiYyR4YY6hAEK/3EUs4UpB8la1RfdRpeGsFHkWsA==",
      "dependencies": [
        "@noble/hashes"
      ]
    },
    "@noble/hashes@1.8.0": {
      "integrity": "sha512-jCs9ldd7NwzpgXDIf6P3+NrHh9/sD6CQdxHyjQI+h/6rDNo88ypBxxz45UDuZHz9r3tNz7N/VInSVoVdtXEI4A=="
    },
    "@scure/base@1.2.6": {
      "integrity": "sha512-g/nm5FgUa//MCj1gV09zTJTaM6KBAHqLN907YVQqf7zC49+DcO4B1so4ZX07Ef10Twr6nuqYEH9GEggFXA4Fmg=="
    },
    "@scure/bip32@1.7.0": {
      "integrity": "sha512-E4FFX/N3f4B80AKWp5dP6ow+flD1LQZo/w8UnLGYZO674jS6YnYeepycOOksv+vLPSpgN35wgKgy+ybfTb2SMw==",
      "dependencies": [
        "@noble/curves",
        "@noble/hashes",
        "@scure/base"
      ]
    },
    "@scure/bip39@1.6.0": {
      "integrity": "sha512-+lF0BbLiJNwVlev4eKelw1WWLaiKXw7sSl8T6FvBlWkdX+94aGJ4o8XjUdlyhTCjd8c+B3KT3JfS8P0bLRNU6A==",
      "dependencies": [
        "@noble/hashes",
        "@scure/base"
      ]
    },
    "@stripe/stripe-js@9.13.0": {
      "integrity": "sha512-/0c72BUgzzVkVTlsw5uBn8x3waTdVJ/PZGfQ6jY1eu6K7olUPf4d9lgDPA9/0sIdsR8j7o3QIG8fOCO6ItcL7A=="
    },
    "abitype@1.2.3_zod@4.5.4": {
      "integrity": "sha512-Ofer5QUnuUdTFsBRwARMoWKOH1ND5ehwYhJ3OJ/BQO+StkwQjHw0XyVh4vDttzHB7QOFhPHa/o413PJ82gU/Tg==",
      "dependencies": [
        "zod"
      ],
      "optionalPeers": [
        "zod"
      ]
    },
    "eventemitter3@5.0.1": {
      "integrity": "sha512-GWkBvjiSZK87ELrYOSESUYeVIc9mvLLf/nXalMOS5dYrgZq9o5OVkbZAVM06CVxYsCwH9BDZFPlQTlPA1j4ahA=="
    },
    "eventsource-parser@3.1.1": {
      "integrity": "sha512-EKN1vKAMcZ8MlYMpaNuxN6R9yakzH6uajHcHVTqWJzvu5pWw9DyhbP35HH8MVBQ+dZjAfDxk+A8NiR9KWaXiyQ=="
    },
    "fast-check@4.8.0": {
      "integrity": "sha512-GOJ158CUMnN6cSahsv4+ExARvIDuzzinFjkp0E9WtiBa5zcVeLozVkWaE4IzFcc+Y48Wp1EDlUZsXRyAztQcSg==",
      "dependencies": [
        "pure-rand"
      ]
    },
    "isows@1.0.7_ws@8.21.0": {
      "integrity": "sha512-I1fSfDCZL5P0v33sVqeTDSpcstAg/N+wF5HS033mogOVIp4B+oHC7oOCsA3axAbBSGTJ8QubbNmnIRN/h8U7hg==",
      "dependencies": [
        "ws"
      ]
    },
    "mppx@0.9.3_viem@2.56.8": {
      "integrity": "sha512-hrmPRP4c7KecQXwBBZSCfP0BU7kfmcZ6sNRmJC9QkK2gDYzkGV1Y/ZQvCMTCcBj7JaHgs8cS58oNhlrWN7vMgQ==",
      "dependencies": [
        "@stripe/stripe-js",
        "eventsource-parser",
        "ox@0.14.33_zod@4.5.4",
        "structured-headers",
        "viem",
        "zod"
      ],
      "bin": true
    },
    "ox@0.14.33_zod@4.5.4": {
      "integrity": "sha512-rooA/4o7bBof4Ge2VH/eovfNPb/AEEYyrNj03wggc55g5HZD8Pjs/OeWhttgjic3dDcqn0r29bDuvQEdTiUemQ==",
      "dependencies": [
        "@adraffy/ens-normalize",
        "@noble/ciphers",
        "@noble/curves",
        "@noble/hashes",
        "@scure/bip32",
        "@scure/bip39",
        "abitype",
        "eventemitter3"
      ]
    },
    "ox@0.14.45_zod@4.5.4": {
      "integrity": "sha512-jpsQ+p0JZh9mKCxxzxz0d5qFHZZg2/O9xW18IpEC/dNXXPVqmDJ0c//9RMz0CILkbSGPA42+cbU0fC/ghwJ03w==",
      "dependencies": [
        "@adraffy/ens-normalize",
        "@noble/ciphers",
        "@noble/curves",
        "@noble/hashes",
        "@scure/bip32",
        "@scure/bip39",
        "eventemitter3"
      ]
    },
    "pure-rand@8.4.2": {
      "integrity": "sha512-vvuOGgcuPJAirlHvuQw1TrOiw7ptaIXXmIbNuiNOY6lNGJJH49PQ1Kj4nd783nPdQhQdicgOjVI2yI/9BD6/Ng=="
    },
    "stripe@22.7.0-beta.1": {
      "integrity": "sha512-X0vcVi/i0Z2LqZWEa1rVJ3I8YwIkQrOFuMShQOz+nPhEcy0qBk7FjfeJcnw3sfDFBCVSD6RfqihlHnIgy6O3EQ=="
    },
    "structured-headers@2.0.3": {
      "integrity": "sha512-4g5yxhlDMClRwCcfKfLeS7Z8yAVdOWGDADwm80Poh1iReU2KVKLGBlqwpHWJ2qovq0+ZIf1atAEO1eua2o9Rgg=="
    },
    "viem@2.56.8_zod@4.5.4": {
      "integrity": "sha512-vD1DsnYxySMml5/02m/+boWQYfZtWug2VYzm6+hdVT+VDmULBZfpoh9gPDAENdMMBmQKW/2QJ/1DuZaslBJDAg==",
      "dependencies": [
        "@noble/curves",
        "@noble/hashes",
        "@scure/bip32",
        "@scure/bip39",
        "abitype",
        "isows",
        "ox@0.14.45_zod@4.5.4",
        "ws"
      ]
    },
    "ws@8.21.0": {
      "integrity": "sha512-Vsp28b7DRcimFQvrqu2Wek3z1iYxDCWqHYB8Qsnk/S4RfaCQzPGPyBNuVjJV3cd6UiKtUtp6sNM77gWvzcCH+g=="
    },
    "zod@4.5.4": {
      "integrity": "sha512-sC95tT5iHHH9gtpj6A81kh+NEaRAUFN+qlUPDUbRfOMvNf5QCBqsb3WgvnpVtK5Y+4UfA6KqufotuTvMGiTlsA=="
    }
  },
  "workspace": {
    "dependencies": [
      "npm:zod@4"
    ]
  }
}
